
Microsoft Visual Studio Solution File, Format Version 12.00
# Visual Studio Version 17
VisualStudioVersion = 17.14.36414.22 d17.14
MinimumVisualStudioVersion = 10.0.40219.1
Project("{FAE04EC0-301F-11D3-BF4B-00C04F79EFBC}") = "AsyncAwaitAPI", "AsyncAwaitAPI.csproj", "{AE9BF6AC-1F40-4B47-94E3-FEA679F9F703}"
EndProject
Global
	GlobalSection(SolutionConfigurationPlatforms) = preSolution
		Debug|Any CPU = Debug|Any CPU
		Release|Any CPU = Release|Any CPU
	EndGlobalSection
	GlobalSection(ProjectConfigurationPlatforms) = postSolution
		{AE9BF6AC-1F40-4B47-94E3-FEA679F9F703}.Debug|Any CPU.ActiveCfg = Debug|Any CPU
		{AE9BF6AC-1F40-4B47-94E3-FEA679F9F703}.Debug|Any CPU.Build.0 = Debug|Any CPU
		{AE9BF6AC-1F40-4B47-94E3-FEA679F9F703}.Release|Any CPU.ActiveCfg = Release|Any CPU
		{AE9BF6AC-1F40-4B47-94E3-FEA679F9F703}.Release|Any CPU.Build.0 = Release|Any CPU
	EndGlobalSection
	GlobalSection(SolutionProperties) = preSolution
		HideSolutionNode = FALSE
	EndGlobalSection
	GlobalSection(ExtensibilityGlobals) = postSolution
		SolutionGuid = {FC6C231E-B4DC-4969-8210-2D5D1AC4E3A0}
	EndGlobalSection
EndGlobal
